
Microsoft Visual Studio Solution File, Format Version 12.00
# Visual Studio Version 16
VisualStudioVersion = 16.0.31624.102
MinimumVisualStudioVersion = 10.0.40219.1
Project("{FAE04EC0-301F-11D3-BF4B-00C04F79EFBC}") = "solutionForProblem3", "solutionForProblem3\solutionForProblem3.csproj", "{4DB7715F-892F-4BE4-A317-AC5F9E5E56BE}"
EndProject
Project("{FAE04EC0-301F-11D3-BF4B-00C04F79EFBC}") = "solutionForProb2", "solutionForProb2\solutionForProb2.csproj", "{5A6895C3-CBE1-40B4-AD86-5186CE7282AA}"
EndProject
Global
	GlobalSection(SolutionConfigurationPlatforms) = preSolution
		Debug|Any CPU = Debug|Any CPU
		Release|Any CPU = Release|Any CPU
	EndGlobalSection
	GlobalSection(ProjectConfigurationPlatforms) = postSolution
		{4DB7715F-892F-4BE4-A317-AC5F9E5E56BE}.Debug|Any CPU.ActiveCfg = Debug|Any CPU
		{4DB7715F-892F-4BE4-A317-AC5F9E5E56BE}.Debug|Any CPU.Build.0 = Debug|Any CPU
		{4DB7715F-892F-4BE4-A317-AC5F9E5E56BE}.Release|Any CPU.ActiveCfg = Release|Any CPU
		{4DB7715F-892F-4BE4-A317-AC5F9E5E56BE}.Release|Any CPU.Build.0 = Release|Any CPU
		{5A6895C3-CBE1-40B4-AD86-5186CE7282AA}.Debug|Any CPU.ActiveCfg = Debug|Any CPU
		{5A6895C3-CBE1-40B4-AD86-5186CE7282AA}.Debug|Any CPU.Build.0 = Debug|Any CPU
		{5A6895C3-CBE1-40B4-AD86-5186CE7282AA}.Release|Any CPU.ActiveCfg = Release|Any CPU
		{5A6895C3-CBE1-40B4-AD86-5186CE7282AA}.Release|Any CPU.Build.0 = Release|Any CPU
	EndGlobalSection
	GlobalSection(SolutionProperties) = preSolution
		HideSolutionNode = FALSE
	EndGlobalSection
	GlobalSection(ExtensibilityGlobals) = postSolution
		SolutionGuid = {AA958C17-70FA-4FDE-8429-51945E499127}
	EndGlobalSection
EndGlobal
